
Microsoft Visual Studio Solution File, Format Version 12.00
# Visual Studio Version 16
VisualStudioVersion = 16.0.30517.126
MinimumVisualStudioVersion = 10.0.40219.1
Project("{FAE04EC0-301F-11D3-BF4B-00C04F79EFBC}") = "GZipTest", "GZipTest.csproj", "{C16E2836-CDF8-4987-AAF8-8496370BE54A}"
EndProject
Project("{9A19103F-16F7-4668-BE54-9A1E7A4F7556}") = "GZipIntegrationTests", "GZipIntegrationTests\GZipIntegrationTests.csproj", "{A96BD025-FBFC-4D1C-ADEC-99ACA0528D28}"
EndProject
Global
	GlobalSection(SolutionConfigurationPlatforms) = preSolution
		Debug|Any CPU = Debug|Any CPU
		Release|Any CPU = Release|Any CPU
	EndGlobalSection
	GlobalSection(ProjectConfigurationPlatforms) = postSolution
		{C16E2836-CDF8-4987-AAF8-8496370BE54A}.Debug|Any CPU.ActiveCfg = Release|Any CPU
		{C16E2836-CDF8-4987-AAF8-8496370BE54A}.Debug|Any CPU.Build.0 = Release|Any CPU
		{C16E2836-CDF8-4987-AAF8-8496370BE54A}.Release|Any CPU.ActiveCfg = Release|Any CPU
		{C16E2836-CDF8-4987-AAF8-8496370BE54A}.Release|Any CPU.Build.0 = Release|Any CPU
		{A96BD025-FBFC-4D1C-ADEC-99ACA0528D28}.Debug|Any CPU.ActiveCfg = Debug|Any CPU
		{A96BD025-FBFC-4D1C-ADEC-99ACA0528D28}.Debug|Any CPU.Build.0 = Debug|Any CPU
		{A96BD025-FBFC-4D1C-ADEC-99ACA0528D28}.Release|Any CPU.ActiveCfg = Release|Any CPU
		{A96BD025-FBFC-4D1C-ADEC-99ACA0528D28}.Release|Any CPU.Build.0 = Release|Any CPU
	EndGlobalSection
	GlobalSection(SolutionProperties) = preSolution
		HideSolutionNode = FALSE
	EndGlobalSection
	GlobalSection(ExtensibilityGlobals) = postSolution
		SolutionGuid = {51317882-9D60-4C65-A5B2-999A31F557A1}
	EndGlobalSection
EndGlobal
